
Microsoft Visual Studio Solution File, Format Version 12.00
# Visual Studio 15
VisualStudioVersion = 15.0.27703.2042
MinimumVisualStudioVersion = 10.0.40219.1
Project("{8BC9CEB8-8B4A-11D0-8D11-00A0C91BC942}") = "Lab_2", "Lab_2\Lab_2.vcxproj", "{B00D92FB-5850-4463-A8C5-169CC38F5324}"
EndProject
Global
	GlobalSection(SolutionConfigurationPlatforms) = preSolution
		Debug|x64 = Debug|x64
		Debug|x86 = Debug|x86
		Release|x64 = Release|x64
		Release|x86 = Release|x86
	EndGlobalSection
	GlobalSection(ProjectConfigurationPlatforms) = postSolution
		{B00D92FB-5850-4463-A8C5-169CC38F5324}.Debug|x64.ActiveCfg = Debug|x64
		{B00D92FB-5850-4463-A8C5-169CC38F5324}.Debug|x64.Build.0 = Debug|x64
		{B00D92FB-5850-4463-A8C5-169CC38F5324}.Debug|x86.ActiveCfg = Debug|Win32
		{B00D92FB-5850-4463-A8C5-169CC38F5324}.Debug|x86.Build.0 = Debug|Win32
		{B00D92FB-5850-4463-A8C5-169CC38F5324}.Release|x64.ActiveCfg = Release|x64
		{B00D92FB-5850-4463-A8C5-169CC38F5324}.Release|x64.Build.0 = Release|x64
		{B00D92FB-5850-4463-A8C5-169CC38F5324}.Release|x86.ActiveCfg = Release|Win32
		{B00D92FB-5850-4463-A8C5-169CC38F5324}.Release|x86.Build.0 = Release|Win32
	EndGlobalSection
	GlobalSection(SolutionProperties) = preSolution
		HideSolutionNode = FALSE
	EndGlobalSection
	GlobalSection(ExtensibilityGlobals) = postSolution
		SolutionGuid = {303BEC3C-D900-4EFD-9B9D-C37863B28DC6}
	EndGlobalSection
EndGlobal
