
Microsoft Visual Studio Solution File, Format Version 12.00
# Visual Studio 15
VisualStudioVersion = 15.0.27703.2042
MinimumVisualStudioVersion = 10.0.40219.1
Project("{8BC9CEB8-8B4A-11D0-8D11-00A0C91BC942}") = "Lab_3", "Lab_3\Lab_3.vcxproj", "{B0621AEB-D2B9-4719-AD68-C6995EF25606}"
EndProject
Global
	GlobalSection(SolutionConfigurationPlatforms) = preSolution
		Debug|x64 = Debug|x64
		Debug|x86 = Debug|x86
		Release|x64 = Release|x64
		Release|x86 = Release|x86
	EndGlobalSection
	GlobalSection(ProjectConfigurationPlatforms) = postSolution
		{B0621AEB-D2B9-4719-AD68-C6995EF25606}.Debug|x64.ActiveCfg = Debug|x64
		{B0621AEB-D2B9-4719-AD68-C6995EF25606}.Debug|x64.Build.0 = Debug|x64
		{B0621AEB-D2B9-4719-AD68-C6995EF25606}.Debug|x86.ActiveCfg = Debug|Win32
		{B0621AEB-D2B9-4719-AD68-C6995EF25606}.Debug|x86.Build.0 = Debug|Win32
		{B0621AEB-D2B9-4719-AD68-C6995EF25606}.Release|x64.ActiveCfg = Release|x64
		{B0621AEB-D2B9-4719-AD68-C6995EF25606}.Release|x64.Build.0 = Release|x64
		{B0621AEB-D2B9-4719-AD68-C6995EF25606}.Release|x86.ActiveCfg = Release|Win32
		{B0621AEB-D2B9-4719-AD68-C6995EF25606}.Release|x86.Build.0 = Release|Win32
	EndGlobalSection
	GlobalSection(SolutionProperties) = preSolution
		HideSolutionNode = FALSE
	EndGlobalSection
	GlobalSection(ExtensibilityGlobals) = postSolution
		SolutionGuid = {9F0C99C4-1CE8-461A-9CD5-8ACCEFEA75F8}
	EndGlobalSection
EndGlobal
